
Microsoft Visual Studio Solution File, Format Version 12.00
# Visual Studio Version 17
VisualStudioVersion = 17.0.31903.59
MinimumVisualStudioVersion = 10.0.40219.1
Project("{9A19103F-16F7-4668-BE54-9A1E7A4F7556}") = "DIBN", "DIBN\DIBN.csproj", "{CC96BBD2-A31A-4A6C-AE91-294DDB73FB82}"
EndProject
Project("{2150E333-8FDC-42A3-9474-1A3956D46DE8}") = "Solution Items", "Solution Items", "{514978BA-CF7B-4157-B943-DBCDB621ADAF}"
	ProjectSection(SolutionItems) = preProject
		.editorconfig = .editorconfig
	EndProjectSection
EndProject
Global
	GlobalSection(SolutionConfigurationPlatforms) = preSolution
		Debug|Any CPU = Debug|Any CPU
		Debug|x64 = Debug|x64
		Release|Any CPU = Release|Any CPU
		Release|x64 = Release|x64
	EndGlobalSection
	GlobalSection(ProjectConfigurationPlatforms) = postSolution
		{CC96BBD2-A31A-4A6C-AE91-294DDB73FB82}.Debug|Any CPU.ActiveCfg = Debug|Any CPU
		{CC96BBD2-A31A-4A6C-AE91-294DDB73FB82}.Debug|Any CPU.Build.0 = Debug|Any CPU
		{CC96BBD2-A31A-4A6C-AE91-294DDB73FB82}.Debug|x64.ActiveCfg = Debug|x64
		{CC96BBD2-A31A-4A6C-AE91-294DDB73FB82}.Debug|x64.Build.0 = Debug|x64
		{CC96BBD2-A31A-4A6C-AE91-294DDB73FB82}.Release|Any CPU.ActiveCfg = Release|Any CPU
		{CC96BBD2-A31A-4A6C-AE91-294DDB73FB82}.Release|Any CPU.Build.0 = Release|Any CPU
		{CC96BBD2-A31A-4A6C-AE91-294DDB73FB82}.Release|x64.ActiveCfg = Release|x64
		{CC96BBD2-A31A-4A6C-AE91-294DDB73FB82}.Release|x64.Build.0 = Release|x64
	EndGlobalSection
	GlobalSection(SolutionProperties) = preSolution
		HideSolutionNode = FALSE
	EndGlobalSection
	GlobalSection(ExtensibilityGlobals) = postSolution
		SolutionGuid = {A11C2F98-ABE8-48C3-BF3E-9C7BB0E9079F}
	EndGlobalSection
EndGlobal
